
Microsoft Visual Studio Solution File, Format Version 12.00
# Visual Studio Version 17
VisualStudioVersion = 17.4.33213.308
MinimumVisualStudioVersion = 10.0.40219.1
Project("{FAE04EC0-301F-11D3-BF4B-00C04F79EFBC}") = "Curso", "Curso\Curso.csproj", "{3D048338-A1F1-4912-87A7-A881F7C74A0E}"
EndProject
Global
	GlobalSection(SolutionConfigurationPlatforms) = preSolution
		Debug|Any CPU = Debug|Any CPU
		Release|Any CPU = Release|Any CPU
	EndGlobalSection
	GlobalSection(ProjectConfigurationPlatforms) = postSolution
		{3D048338-A1F1-4912-87A7-A881F7C74A0E}.Debug|Any CPU.ActiveCfg = Debug|Any CPU
		{3D048338-A1F1-4912-87A7-A881F7C74A0E}.Debug|Any CPU.Build.0 = Debug|Any CPU
		{3D048338-A1F1-4912-87A7-A881F7C74A0E}.Release|Any CPU.ActiveCfg = Release|Any CPU
		{3D048338-A1F1-4912-87A7-A881F7C74A0E}.Release|Any CPU.Build.0 = Release|Any CPU
	EndGlobalSection
	GlobalSection(SolutionProperties) = preSolution
		HideSolutionNode = FALSE
	EndGlobalSection
	GlobalSection(ExtensibilityGlobals) = postSolution
		SolutionGuid = {17D24B9B-DAD0-4E2A-88D2-C54D0F98D3A5}
	EndGlobalSection
EndGlobal
